
Microsoft Visual Studio Solution File, Format Version 12.00
# Visual Studio 15
VisualStudioVersion = 15.0.28307.572
MinimumVisualStudioVersion = 10.0.40219.1
Project("{FAE04EC0-301F-11D3-BF4B-00C04F79EFBC}") = "HandMadeIoC", "HandMadeIoC\HandMadeIoC.csproj", "{2130AB09-14AB-4E74-8798-54D4EA8B074E}"
EndProject
Global
	GlobalSection(SolutionConfigurationPlatforms) = preSolution
		Debug|Any CPU = Debug|Any CPU
		Release|Any CPU = Release|Any CPU
	EndGlobalSection
	GlobalSection(ProjectConfigurationPlatforms) = postSolution
		{2130AB09-14AB-4E74-8798-54D4EA8B074E}.Debug|Any CPU.ActiveCfg = Debug|Any CPU
		{2130AB09-14AB-4E74-8798-54D4EA8B074E}.Debug|Any CPU.Build.0 = Debug|Any CPU
		{2130AB09-14AB-4E74-8798-54D4EA8B074E}.Release|Any CPU.ActiveCfg = Release|Any CPU
		{2130AB09-14AB-4E74-8798-54D4EA8B074E}.Release|Any CPU.Build.0 = Release|Any CPU
	EndGlobalSection
	GlobalSection(SolutionProperties) = preSolution
		HideSolutionNode = FALSE
	EndGlobalSection
	GlobalSection(ExtensibilityGlobals) = postSolution
		SolutionGuid = {6829D5C3-3648-4B91-A820-0A4AB69D49C8}
	EndGlobalSection
EndGlobal
